
Microsoft Visual Studio Solution File, Format Version 11.00
# Visual Studio 2010
Project("{FAE04EC0-301F-11D3-BF4B-00C04F79EFBC}") = "RefinedButton", "RefinedButton.csproj", "{8e619083-bd1d-0edd-d956-3e7df63eaa51}"
EndProject
Global
	GlobalSection(SolutionConfigurationPlatforms) = preSolution
		Debug|Any CPU = Debug|Any CPU
	EndGlobalSection
	GlobalSection(ProjectConfigurationPlatforms) = postSolution
		{8e619083-bd1d-0edd-d956-3e7df63eaa51}.Debug|Any CPU.ActiveCfg = Debug|Any CPU
		{8e619083-bd1d-0edd-d956-3e7df63eaa51}.Debug|Any CPU.Build.0 = Debug|Any CPU
	EndGlobalSection
	GlobalSection(SolutionProperties) = preSolution
		HideSolutionNode = FALSE
	EndGlobalSection
EndGlobal
